
Microsoft Visual Studio Solution File, Format Version 12.00
# Visual Studio Version 17
VisualStudioVersion = 17.13.35818.85 d17.13
MinimumVisualStudioVersion = 10.0.40219.1
Project("{FAE04EC0-301F-11D3-BF4B-00C04F79EFBC}") = "DISIA-Vaje", "DISIA-Vaje\DISIA-Vaje.csproj", "{183F730F-0AC0-441D-93E3-B37735F9A351}"
EndProject
Global
	GlobalSection(SolutionConfigurationPlatforms) = preSolution
		Debug|Any CPU = Debug|Any CPU
		Release|Any CPU = Release|Any CPU
	EndGlobalSection
	GlobalSection(ProjectConfigurationPlatforms) = postSolution
		{183F730F-0AC0-441D-93E3-B37735F9A351}.Debug|Any CPU.ActiveCfg = Debug|Any CPU
		{183F730F-0AC0-441D-93E3-B37735F9A351}.Debug|Any CPU.Build.0 = Debug|Any CPU
		{183F730F-0AC0-441D-93E3-B37735F9A351}.Release|Any CPU.ActiveCfg = Release|Any CPU
		{183F730F-0AC0-441D-93E3-B37735F9A351}.Release|Any CPU.Build.0 = Release|Any CPU
	EndGlobalSection
	GlobalSection(SolutionProperties) = preSolution
		HideSolutionNode = FALSE
	EndGlobalSection
	GlobalSection(ExtensibilityGlobals) = postSolution
		SolutionGuid = {566FDB81-61B1-42B8-AC0E-6E7DAC2067A6}
	EndGlobalSection
EndGlobal
